
Microsoft Visual Studio Solution File, Format Version 12.00
Project("{FAE04EC0-301F-11D3-BF4B-00C04F79EFBC}") = "Business", "Business\Business.csproj", "{36E606A0-CF07-4F01-BF4B-58C03A52576B}"
EndProject
Project("{FAE04EC0-301F-11D3-BF4B-00C04F79EFBC}") = "Core", "Core\Core.csproj", "{87FBA99C-27C3-4726-81C2-34716284B3B2}"
EndProject
Project("{FAE04EC0-301F-11D3-BF4B-00C04F79EFBC}") = "Business.Test", "Business.Test\Business.Test.csproj", "{6D7E8586-EE01-4A1A-AE2A-18305156A79E}"
EndProject
Project("{FAE04EC0-301F-11D3-BF4B-00C04F79EFBC}") = "Web", "Web\Web.csproj", "{41FF48EB-3FEE-4552-AE55-24B5F27A3198}"
EndProject
Global
	GlobalSection(SolutionConfigurationPlatforms) = preSolution
		Debug|Any CPU = Debug|Any CPU
		Release|Any CPU = Release|Any CPU
	EndGlobalSection
	GlobalSection(ProjectConfigurationPlatforms) = postSolution
		{36E606A0-CF07-4F01-BF4B-58C03A52576B}.Debug|Any CPU.ActiveCfg = Debug|Any CPU
		{36E606A0-CF07-4F01-BF4B-58C03A52576B}.Debug|Any CPU.Build.0 = Debug|Any CPU
		{36E606A0-CF07-4F01-BF4B-58C03A52576B}.Release|Any CPU.ActiveCfg = Release|Any CPU
		{36E606A0-CF07-4F01-BF4B-58C03A52576B}.Release|Any CPU.Build.0 = Release|Any CPU
		{87FBA99C-27C3-4726-81C2-34716284B3B2}.Debug|Any CPU.ActiveCfg = Debug|Any CPU
		{87FBA99C-27C3-4726-81C2-34716284B3B2}.Debug|Any CPU.Build.0 = Debug|Any CPU
		{87FBA99C-27C3-4726-81C2-34716284B3B2}.Release|Any CPU.ActiveCfg = Release|Any CPU
		{87FBA99C-27C3-4726-81C2-34716284B3B2}.Release|Any CPU.Build.0 = Release|Any CPU
		{6D7E8586-EE01-4A1A-AE2A-18305156A79E}.Debug|Any CPU.ActiveCfg = Debug|Any CPU
		{6D7E8586-EE01-4A1A-AE2A-18305156A79E}.Debug|Any CPU.Build.0 = Debug|Any CPU
		{6D7E8586-EE01-4A1A-AE2A-18305156A79E}.Release|Any CPU.ActiveCfg = Release|Any CPU
		{6D7E8586-EE01-4A1A-AE2A-18305156A79E}.Release|Any CPU.Build.0 = Release|Any CPU
		{41FF48EB-3FEE-4552-AE55-24B5F27A3198}.Debug|Any CPU.ActiveCfg = Debug|Any CPU
		{41FF48EB-3FEE-4552-AE55-24B5F27A3198}.Debug|Any CPU.Build.0 = Debug|Any CPU
		{41FF48EB-3FEE-4552-AE55-24B5F27A3198}.Release|Any CPU.ActiveCfg = Release|Any CPU
		{41FF48EB-3FEE-4552-AE55-24B5F27A3198}.Release|Any CPU.Build.0 = Release|Any CPU
	EndGlobalSection
EndGlobal
